// !$*UTF8*$!
{
	archiveVersion = 1;
	classes = {
	};
	objectVersion = 50;
	objects = {

/* Begin PBXBuildFile section */
		A6C7448A2658C090005C1BDE /* AppDelegate.swift in Sources */ = {isa = PBXBuildFile; fileRef = A6C744892658C090005C1BDE /* AppDelegate.swift */; };
		A6C7448C2658C090005C1BDE /* SceneDelegate.swift in Sources */ = {isa = PBXBuildFile; fileRef = A6C7448B2658C090005C1BDE /* SceneDelegate.swift */; };
		A6C7448E2658C090005C1BDE /* ViewController.swift in Sources */ = {isa = PBXBuildFile; fileRef = A6C7448D2658C090005C1BDE /* ViewController.swift */; };
		A6C744912658C091005C1BDE /* Main.storyboard in Resources */ = {isa = PBXBuildFile; fileRef = A6C7448F2658C091005C1BDE /* Main.storyboard */; };
		A6C744932658C097005C1BDE /* Assets.xcassets in Resources */ = {isa = PBXBuildFile; fileRef = A6C744922658C097005C1BDE /* Assets.xcassets */; };
		A6C744962658C097005C1BDE /* LaunchScreen.storyboard in Resources */ = {isa = PBXBuildFile; fileRef = A6C744942658C097005C1BDE /* LaunchScreen.storyboard */; };
		F76D821FA624EF7C7C3B7572 /* Pods_Kadai2.framework in Frameworks */ = {isa = PBXBuildFile; fileRef = BC5D7294872872A23125AE74 /* Pods_Kadai2.framework */; };
/* End PBXBuildFile section */

/* Begin PBXFileReference section */
		38D39A5BB4677381D713D52A /* Pods-Kadai2.release.xcconfig */ = {isa = PBXFileReference; includeInIndex = 1; lastKnownFileType = text.xcconfig; name = "Pods-Kadai2.release.xcconfig"; path = "Target Support Files/Pods-Kadai2/Pods-Kadai2.release.xcconfig"; sourceTree = "<group>"; };
		A6C744862658C090005C1BDE /* Kadai2.app */ = {isa = PBXFileReference; explicitFileType = wrapper.application; includeInIndex = 0; path = Kadai2.app; sourceTree = BUILT_PRODUCTS_DIR; };
		A6C744892658C090005C1BDE /* AppDelegate.swift */ = {isa = PBXFileReference; lastKnownFileType = sourcecode.swift; path = AppDelegate.swift; sourceTree = "<group>"; };
		A6C7448B2658C090005C1BDE /* SceneDelegate.swift */ = {isa = PBXFileReference; lastKnownFileType = sourcecode.swift; path = SceneDelegate.swift; sourceTree = "<group>"; };
		A6C7448D2658C090005C1BDE /* ViewController.swift */ = {isa = PBXFileReference; lastKnownFileType = sourcecode.swift; path = ViewController.swift; sourceTree = "<group>"; };
		A6C744902658C091005C1BDE /* Base */ = {isa = PBXFileReference; lastKnownFileType = file.storyboard; name = Base; path = Base.lproj/Main.storyboard; sourceTree = "<group>"; };
		A6C744922658C097005C1BDE /* Assets.xcassets */ = {isa = PBXFileReference; lastKnownFileType = folder.assetcatalog; path = Assets.xcassets; sourceTree = "<group>"; };
		A6C744952658C097005C1BDE /* Base */ = {isa = PBXFileReference; lastKnownFileType = file.storyboard; name = Base; path = Base.lproj/LaunchScreen.storyboard; sourceTree = "<group>"; };
		A6C744972658C097005C1BDE /* Info.plist */ = {isa = PBXFileReference; lastKnownFileType = text.plist.xml; path = Info.plist; sourceTree = "<group>"; };
		BC5D7294872872A23125AE74 /* Pods_Kadai2.framework */ = {isa = PBXFileReference; explicitFileType = wrapper.framework; includeInIndex = 0; path = Pods_Kadai2.framework; sourceTree = BUILT_PRODUCTS_DIR; };
		D34266FD5ACE7D6258FF4B92 /* Pods-Kadai2.debug.xcconfig */ = {isa = PBXFileReference; includeInIndex = 1; lastKnownFileType = text.xcconfig; name = "Pods-Kadai2.debug.xcconfig"; path = "Target Support Files/Pods-Kadai2/Pods-Kadai2.debug.xcconfig"; sourceTree = "<group>"; };
/* End PBXFileReference section */

/* Begin PBXFrameworksBuildPhase section */
		A6C744832658C090005C1BDE /* Frameworks */ = {
			isa = PBXFrameworksBuildPhase;
			buildActionMask = 2147483647;
			files = (
				F76D821FA624EF7C7C3B7572 /* Pods_Kadai2.framework in Frameworks */,
			);
			runOnlyForDeploymentPostprocessing = 0;
		};
/* End PBXFrameworksBuildPhase section */

/* Begin PBXGroup section */
		68AD92D55B1BDDBF9E80BDD3 /* Frameworks */ = {
			isa = PBXGroup;
			children = (
				BC5D7294872872A23125AE74 /* Pods_Kadai2.framework */,
			);
			name = Frameworks;
			sourceTree = "<group>";
		};
		78C3BC0236C8A2F1AC0C24AB /* Pods */ = {
			isa = PBXGroup;
			children = (
				D34266FD5ACE7D6258FF4B92 /* Pods-Kadai2.debug.xcconfig */,
				38D39A5BB4677381D713D52A /* Pods-Kadai2.release.xcconfig */,
			);
			path = Pods;
			sourceTree = "<group>";
		};
		A6C7447D2658C090005C1BDE = {
			isa = PBXGroup;
			children = (
				A6C744882658C090005C1BDE /* Kadai2 */,
				A6C744872658C090005C1BDE /* Products */,
				78C3BC0236C8A2F1AC0C24AB /* Pods */,
				68AD92D55B1BDDBF9E80BDD3 /* Frameworks */,
			);
			sourceTree = "<group>";
		};
		A6C744872658C090005C1BDE /* Products */ = {
			isa = PBXGroup;
			children = (
				A6C744862658C090005C1BDE /* Kadai2.app */,
			);
			name = Products;
			sourceTree = "<group>";
		};
		A6C744882658C090005C1BDE /* Kadai2 */ = {
			isa = PBXGroup;
			children = (
				A6C744892658C090005C1BDE /* AppDelegate.swift */,
				A6C7448B2658C090005C1BDE /* SceneDelegate.swift */,
				A6C7448D2658C090005C1BDE /* ViewController.swift */,
				A6C7448F2658C091005C1BDE /* Main.storyboard */,
				A6C744922658C097005C1BDE /* Assets.xcassets */,
				A6C744942658C097005C1BDE /* LaunchScreen.storyboard */,
				A6C744972658C097005C1BDE /* Info.plist */,
			);
			path = Kadai2;
			sourceTree = "<group>";
		};
/* End PBXGroup section */

/* Begin PBXNativeTarget section */
		A6C744852658C090005C1BDE /* Kadai2 */ = {
			isa = PBXNativeTarget;
			buildConfigurationList = A6C7449A2658C097005C1BDE /* Build configuration list for PBXNativeTarget "Kadai2" */;
			buildPhases = (
				183A359359D4AFC067D4791B /* [CP] Check Pods Manifest.lock */,
				A6C744822658C090005C1BDE /* Sources */,
				A6C744832658C090005C1BDE /* Frameworks */,
				A6C744842658C090005C1BDE /* Resources */,
				A6C7449D2658D09C005C1BDE /* SwiftLint */,
			);
			buildRules = (
			);
			dependencies = (
			);
			name = Kadai2;
			productName = Kadai2;
			productReference = A6C744862658C090005C1BDE /* Kadai2.app */;
			productType = "com.apple.product-type.application";
		};
/* End PBXNativeTarget section */

/* Begin PBXProject section */
		A6C7447E2658C090005C1BDE /* Project object */ = {
			isa = PBXProject;
			attributes = {
				LastSwiftUpdateCheck = 1250;
				LastUpgradeCheck = 1250;
				TargetAttributes = {
					A6C744852658C090005C1BDE = {
						CreatedOnToolsVersion = 12.5;
					};
				};
			};
			buildConfigurationList = A6C744812658C090005C1BDE /* Build configuration list for PBXProject "Kadai2" */;
			compatibilityVersion = "Xcode 9.3";
			developmentRegion = en;
			hasScannedForEncodings = 0;
			knownRegions = (
				en,
				Base,
			);
			mainGroup = A6C7447D2658C090005C1BDE;
			productRefGroup = A6C744872658C090005C1BDE /* Products */;
			projectDirPath = "";
			projectRoot = "";
			targets = (
				A6C744852658C090005C1BDE /* Kadai2 */,
			);
		};
/* End PBXProject section */

/* Begin PBXResourcesBuildPhase section */
		A6C744842658C090005C1BDE /* Resources */ = {
			isa = PBXResourcesBuildPhase;
			buildActionMask = 2147483647;
			files = (
				A6C744962658C097005C1BDE /* LaunchScreen.storyboard in Resources */,
				A6C744932658C097005C1BDE /* Assets.xcassets in Resources */,
				A6C744912658C091005C1BDE /* Main.storyboard in Resources */,
			);
			runOnlyForDeploymentPostprocessing = 0;
		};
/* End PBXResourcesBuildPhase section */

/* Begin PBXShellScriptBuildPhase section */
		183A359359D4AFC067D4791B /* [CP] Check Pods Manifest.lock */ = {
			isa = PBXShellScriptBuildPhase;
			buildActionMask = 2147483647;
			files = (
			);
			inputFileListPaths = (
			);
			inputPaths = (
				"${PODS_PODFILE_DIR_PATH}/Podfile.lock",
				"${PODS_ROOT}/Manifest.lock",
			);
			name = "[CP] Check Pods Manifest.lock";
			outputFileListPaths = (
			);
			outputPaths = (
				"$(DERIVED_FILE_DIR)/Pods-Kadai2-checkManifestLockResult.txt",
			);
			runOnlyForDeploymentPostprocessing = 0;
			shellPath = /bin/sh;
			shellScript = "diff \"${PODS_PODFILE_DIR_PATH}/Podfile.lock\" \"${PODS_ROOT}/Manifest.lock\" > /dev/null\nif [ $? != 0 ] ; then\n    # print error to STDERR\n    echo \"error: The sandbox is not in sync with the Podfile.lock. Run 'pod install' or update your CocoaPods installation.\" >&2\n    exit 1\nfi\n# This output is used by Xcode 'outputs' to avoid re-running this script phase.\necho \"SUCCESS\" > \"${SCRIPT_OUTPUT_FILE_0}\"\n";
			showEnvVarsInLog = 0;
		};
		A6C7449D2658D09C005C1BDE /* SwiftLint */ = {
			isa = PBXShellScriptBuildPhase;
			buildActionMask = 2147483647;
			files = (
			);
			inputFileListPaths = (
			);
			inputPaths = (
			);
			name = SwiftLint;
			outputFileListPaths = (
			);
			outputPaths = (
			);
			runOnlyForDeploymentPostprocessing = 0;
			shellPath = /bin/sh;
			shellScript = "if which swiftlint >/dev/null; then\n  swiftlint\nelse\n  echo \"warning: SwiftLint not installed, download from https://github.com/realm/SwiftLint\"\nfi\n";
		};
/* End PBXShellScriptBuildPhase section */

/* Begin PBXSourcesBuildPhase section */
		A6C744822658C090005C1BDE /* Sources */ = {
			isa = PBXSourcesBuildPhase;
			buildActionMask = 2147483647;
			files = (
				A6C7448E2658C090005C1BDE /* ViewController.swift in Sources */,
				A6C7448A2658C090005C1BDE /* AppDelegate.swift in Sources */,
				A6C7448C2658C090005C1BDE /* SceneDelegate.swift in Sources */,
			);
			runOnlyForDeploymentPostprocessing = 0;
		};
/* End PBXSourcesBuildPhase section */

/* Begin PBXVariantGroup section */
		A6C7448F2658C091005C1BDE /* Main.storyboard */ = {
			isa = PBXVariantGroup;
			children = (
				A6C744902658C091005C1BDE /* Base */,
			);
			name = Main.storyboard;
			sourceTree = "<group>";
		};
		A6C744942658C097005C1BDE /* LaunchScreen.storyboard */ = {
			isa = PBXVariantGroup;
			children = (
				A6C744952658C097005C1BDE /* Base */,
			);
			name = LaunchScreen.storyboard;
			sourceTree = "<group>";
		};
/* End PBXVariantGroup section */

/* Begin XCBuildConfiguration section */
		A6C744982658C097005C1BDE /* Debug */ = {
			isa = XCBuildConfiguration;
			buildSettings = {
				ALWAYS_SEARCH_USER_PATHS = NO;
				CLANG_ANALYZER_NONNULL = YES;
				CLANG_ANALYZER_NUMBER_OBJECT_CONVERSION = YES_AGGRESSIVE;
				CLANG_CXX_LANGUAGE_STANDARD = "gnu++14";
				CLANG_CXX_LIBRARY = "libc++";
				CLANG_ENABLE_MODULES = YES;
				CLANG_ENABLE_OBJC_ARC = YES;
				CLANG_ENABLE_OBJC_WEAK = YES;
				CLANG_WARN_BLOCK_CAPTURE_AUTORELEASING = YES;
				CLANG_WARN_BOOL_CONVERSION = YES;
				CLANG_WARN_COMMA = YES;
				CLANG_WARN_CONSTANT_CONVERSION = YES;
				CLANG_WARN_DEPRECATED_OBJC_IMPLEMENTATIONS = YES;
				CLANG_WARN_DIRECT_OBJC_ISA_USAGE = YES_ERROR;
				CLANG_WARN_DOCUMENTATION_COMMENTS = YES;
				CLANG_WARN_EMPTY_BODY = YES;
				CLANG_WARN_ENUM_CONVERSION = YES;
				CLANG_WARN_INFINITE_RECURSION = YES;
				CLANG_WARN_INT_CONVERSION = YES;
				CLANG_WARN_NON_LITERAL_NULL_CONVERSION = YES;
				CLANG_WARN_OBJC_IMPLICIT_RETAIN_SELF = YES;
				CLANG_WARN_OBJC_LITERAL_CONVERSION = YES;
				CLANG_WARN_OBJC_ROOT_CLASS = YES_ERROR;
				CLANG_WARN_QUOTED_INCLUDE_IN_FRAMEWORK_HEADER = YES;
				CLANG_WARN_RANGE_LOOP_ANALYSIS = YES;
				CLANG_WARN_STRICT_PROTOTYPES = YES;
				CLANG_WARN_SUSPICIOUS_MOVE = YES;
				CLANG_WARN_UNGUARDED_AVAILABILITY = YES_AGGRESSIVE;
				CLANG_WARN_UNREACHABLE_CODE = YES;
				CLANG_WARN__DUPLICATE_METHOD_MATCH = YES;
				COPY_PHASE_STRIP = NO;
				DEBUG_INFORMATION_FORMAT = dwarf;
				ENABLE_STRICT_OBJC_MSGSEND = YES;
				ENABLE_TESTABILITY = YES;
				GCC_C_LANGUAGE_STANDARD = gnu11;
				GCC_DYNAMIC_NO_PIC = NO;
				GCC_NO_COMMON_BLOCKS = YES;
				GCC_OPTIMIZATION_LEVEL = 0;
				GCC_PREPROCESSOR_DEFINITIONS = (
					"DEBUG=1",
					"$(inherited)",
				);
				GCC_WARN_64_TO_32_BIT_CONVERSION = YES;
				GCC_WARN_ABOUT_RETURN_TYPE = YES_ERROR;
				GCC_WARN_UNDECLARED_SELECTOR = YES;
				GCC_WARN_UNINITIALIZED_AUTOS = YES_AGGRESSIVE;
				GCC_WARN_UNUSED_FUNCTION = YES;
				GCC_WARN_UNUSED_VARIABLE = YES;
				IPHONEOS_DEPLOYMENT_TARGET = 14.5;
				MTL_ENABLE_DEBUG_INFO = INCLUDE_SOURCE;
				MTL_FAST_MATH = YES;
				ONLY_ACTIVE_ARCH = YES;
				SDKROOT = iphoneos;
				SWIFT_ACTIVE_COMPILATION_CONDITIONS = DEBUG;
				SWIFT_OPTIMIZATION_LEVEL = "-Onone";
			};
			name = Debug;
		};
		A6C744992658C097005C1BDE /* Release */ = {
			isa = XCBuildConfiguration;
			buildSettings = {
				ALWAYS_SEARCH_USER_PATHS = NO;
				CLANG_ANALYZER_NONNULL = YES;
				CLANG_ANALYZER_NUMBER_OBJECT_CONVERSION = YES_AGGRESSIVE;
				CLANG_CXX_LANGUAGE_STANDARD = "gnu++14";
				CLANG_CXX_LIBRARY = "libc++";
				CLANG_ENABLE_MODULES = YES;
				CLANG_ENABLE_OBJC_ARC = YES;
				CLANG_ENABLE_OBJC_WEAK = YES;
				CLANG_WARN_BLOCK_CAPTURE_AUTORELEASING = YES;
				CLANG_WARN_BOOL_CONVERSION = YES;
				CLANG_WARN_COMMA = YES;
				CLANG_WARN_CONSTANT_CONVERSION = YES;
				CLANG_WARN_DEPRECATED_OBJC_IMPLEMENTATIONS = YES;
				CLANG_WARN_DIRECT_OBJC_ISA_USAGE = YES_ERROR;
				CLANG_WARN_DOCUMENTATION_COMMENTS = YES;
				CLANG_WARN_EMPTY_BODY = YES;
				CLANG_WARN_ENUM_CONVERSION = YES;
				CLANG_WARN_INFINITE_RECURSION = YES;
				CLANG_WARN_INT_CONVERSION = YES;
				CLANG_WARN_NON_LITERAL_NULL_CONVERSION = YES;
				CLANG_WARN_OBJC_IMPLICIT_RETAIN_SELF = YES;
				CLANG_WARN_OBJC_LITERAL_CONVERSION = YES;
				CLANG_WARN_OBJC_ROOT_CLASS = YES_ERROR;
				CLANG_WARN_QUOTED_INCLUDE_IN_FRAMEWORK_HEADER = YES;
				CLANG_WARN_RANGE_LOOP_ANALYSIS = YES;
				CLANG_WARN_STRICT_PROTOTYPES = YES;
				CLANG_WARN_SUSPICIOUS_MOVE = YES;
				CLANG_WARN_UNGUARDED_AVAILABILITY = YES_AGGRESSIVE;
				CLANG_WARN_UNREACHABLE_CODE = YES;
				CLANG_WARN__DUPLICATE_METHOD_MATCH = YES;
				COPY_PHASE_STRIP = NO;
				DEBUG_INFORMATION_FORMAT = "dwarf-with-dsym";
				ENABLE_NS_ASSERTIONS = NO;
				ENABLE_STRICT_OBJC_MSGSEND = YES;
				GCC_C_LANGUAGE_STANDARD = gnu11;
				GCC_NO_COMMON_BLOCKS = YES;
				GCC_WARN_64_TO_32_BIT_CONVERSION = YES;
				GCC_WARN_ABOUT_RETURN_TYPE = YES_ERROR;
				GCC_WARN_UNDECLARED_SELECTOR = YES;
				GCC_WARN_UNINITIALIZED_AUTOS = YES_AGGRESSIVE;
				GCC_WARN_UNUSED_FUNCTION = YES;
				GCC_WARN_UNUSED_VARIABLE = YES;
				IPHONEOS_DEPLOYMENT_TARGET = 14.5;
				MTL_ENABLE_DEBUG_INFO = NO;
				MTL_FAST_MATH = YES;
				SDKROOT = iphoneos;
				SWIFT_COMPILATION_MODE = wholemodule;
				SWIFT_OPTIMIZATION_LEVEL = "-O";
				VALIDATE_PRODUCT = YES;
			};
			name = Release;
		};
		A6C7449B2658C097005C1BDE /* Debug */ = {
			isa = XCBuildConfiguration;
			baseConfigurationReference = D34266FD5ACE7D6258FF4B92 /* Pods-Kadai2.debug.xcconfig */;
			buildSettings = {
				ASSETCATALOG_COMPILER_APPICON_NAME = AppIcon;
				ASSETCATALOG_COMPILER_GLOBAL_ACCENT_COLOR_NAME = AccentColor;
				CODE_SIGN_STYLE = Automatic;
				DEVELOPMENT_TEAM = M4DFJLV2VG;
				INFOPLIST_FILE = Kadai2/Info.plist;
				LD_RUNPATH_SEARCH_PATHS = (
					"$(inherited)",
					"@executable_path/Frameworks",
				);
				PRODUCT_BUNDLE_IDENTIFIER = com.gmail.daikiumehara3.Kadai2;
				PRODUCT_NAME = "$(TARGET_NAME)";
				SWIFT_VERSION = 5.0;
				TARGETED_DEVICE_FAMILY = "1,2";
			};
			name = Debug;
		};
		A6C7449C2658C097005C1BDE /* Release */ = {
			isa = XCBuildConfiguration;
			baseConfigurationReference = 38D39A5BB4677381D713D52A /* Pods-Kadai2.release.xcconfig */;
			buildSettings = {
				ASSETCATALOG_COMPILER_APPICON_NAME = AppIcon;
				ASSETCATALOG_COMPILER_GLOBAL_ACCENT_COLOR_NAME = AccentColor;
				CODE_SIGN_STYLE = Automatic;
				DEVELOPMENT_TEAM = M4DFJLV2VG;
				INFOPLIST_FILE = Kadai2/Info.plist;
				LD_RUNPATH_SEARCH_PATHS = (
					"$(inherited)",
					"@executable_path/Frameworks",
				);
				PRODUCT_BUNDLE_IDENTIFIER = com.gmail.daikiumehara3.Kadai2;
				PRODUCT_NAME = "$(TARGET_NAME)";
				SWIFT_VERSION = 5.0;
				TARGETED_DEVICE_FAMILY = "1,2";
			};
			name = Release;
		};
/* End XCBuildConfiguration section */

/* Begin XCConfigurationList section */
		A6C744812658C090005C1BDE /* Build configuration list for PBXProject "Kadai2" */ = {
			isa = XCConfigurationList;
			buildConfigurations = (
				A6C744982658C097005C1BDE /* Debug */,
				A6C744992658C097005C1BDE /* Release */,
			);
			defaultConfigurationIsVisible = 0;
			defaultConfigurationName = Release;
		};
		A6C7449A2658C097005C1BDE /* Build configuration list for PBXNativeTarget "Kadai2" */ = {
			isa = XCConfigurationList;
			buildConfigurations = (
				A6C7449B2658C097005C1BDE /* Debug */,
				A6C7449C2658C097005C1BDE /* Release */,
			);
			defaultConfigurationIsVisible = 0;
			defaultConfigurationName = Release;
		};
/* End XCConfigurationList section */
	};
	rootObject = A6C7447E2658C090005C1BDE /* Project object */;
}
